
Microsoft Visual Studio Solution File, Format Version 12.00
# Visual Studio Version 17
VisualStudioVersion = 17.14.36221.1 d17.14
MinimumVisualStudioVersion = 10.0.40219.1
Project("{FAE04EC0-301F-11D3-BF4B-00C04F79EFBC}") = "prjjj", "prjjj\prjjj.csproj", "{D2A4412E-EC25-4D6A-B34E-14585755AA0F}"
EndProject
Global
	GlobalSection(SolutionConfigurationPlatforms) = preSolution
		Debug|Any CPU = Debug|Any CPU
		Release|Any CPU = Release|Any CPU
	EndGlobalSection
	GlobalSection(ProjectConfigurationPlatforms) = postSolution
		{D2A4412E-EC25-4D6A-B34E-14585755AA0F}.Debug|Any CPU.ActiveCfg = Debug|Any CPU
		{D2A4412E-EC25-4D6A-B34E-14585755AA0F}.Debug|Any CPU.Build.0 = Debug|Any CPU
		{D2A4412E-EC25-4D6A-B34E-14585755AA0F}.Release|Any CPU.ActiveCfg = Release|Any CPU
		{D2A4412E-EC25-4D6A-B34E-14585755AA0F}.Release|Any CPU.Build.0 = Release|Any CPU
	EndGlobalSection
	GlobalSection(SolutionProperties) = preSolution
		HideSolutionNode = FALSE
	EndGlobalSection
	GlobalSection(ExtensibilityGlobals) = postSolution
		SolutionGuid = {D9B327E9-672C-42A2-A188-4C73A6C40B12}
	EndGlobalSection
EndGlobal
